// !$*UTF8*$!
{
	archiveVersion = 1;
	classes = {
	};
	objectVersion = 46;
	objects = {

/* Begin PBXBuildFile section */
		5E7659161A80A42100045851 /* AppDelegate.swift in Sources */ = {isa = PBXBuildFile; fileRef = 5E7659151A80A42100045851 /* AppDelegate.swift */; };
		5E7659181A80A42100045851 /* ViewController.swift in Sources */ = {isa = PBXBuildFile; fileRef = 5E7659171A80A42100045851 /* ViewController.swift */; };
		5E76591B1A80A42100045851 /* Main.storyboard in Resources */ = {isa = PBXBuildFile; fileRef = 5E7659191A80A42100045851 /* Main.storyboard */; };
		5E76591D1A80A42100045851 /* Images.xcassets in Resources */ = {isa = PBXBuildFile; fileRef = 5E76591C1A80A42100045851 /* Images.xcassets */; };
		5E76592C1A80A42100045851 /* DropboxTests.swift in Sources */ = {isa = PBXBuildFile; fileRef = 5E76592B1A80A42100045851 /* DropboxTests.swift */; };
		F73A7A091A81DB2F00905AE1 /* TroubleSigningInViewController.swift in Sources */ = {isa = PBXBuildFile; fileRef = F73A7A081A81DB2F00905AE1 /* TroubleSigningInViewController.swift */; };
		F73A7A0B1A81E04000905AE1 /* SignedInPhotosViewController.swift in Sources */ = {isa = PBXBuildFile; fileRef = F73A7A0A1A81E04000905AE1 /* SignedInPhotosViewController.swift */; };
		F73A7A0D1A81E13800905AE1 /* SignedInSettingsViewController.swift in Sources */ = {isa = PBXBuildFile; fileRef = F73A7A0C1A81E13800905AE1 /* SignedInSettingsViewController.swift */; };
		F73A7A0F1A81E23C00905AE1 /* SignInViewController.swift in Sources */ = {isa = PBXBuildFile; fileRef = F73A7A0E1A81E23C00905AE1 /* SignInViewController.swift */; };
		F743A6AB1A81CE9F002C32F2 /* SettingsViewController.swift in Sources */ = {isa = PBXBuildFile; fileRef = F743A6AA1A81CE9F002C32F2 /* SettingsViewController.swift */; };
		F743A6AF1A81D06D002C32F2 /* SignInRootViewController.swift in Sources */ = {isa = PBXBuildFile; fileRef = F743A6AE1A81D06D002C32F2 /* SignInRootViewController.swift */; };
		F74BC02F1A81B7E8005D0CCD /* createAccountRootViewController.swift in Sources */ = {isa = PBXBuildFile; fileRef = F74BC02E1A81B7E8005D0CCD /* createAccountRootViewController.swift */; };
		F74BC0311A81B8EF005D0CCD /* createAccountViewController.swift in Sources */ = {isa = PBXBuildFile; fileRef = F74BC0301A81B8EF005D0CCD /* createAccountViewController.swift */; };
		F74BC0331A81C38D005D0CCD /* TermsViewController.swift in Sources */ = {isa = PBXBuildFile; fileRef = F74BC0321A81C38D005D0CCD /* TermsViewController.swift */; };
/* End PBXBuildFile section */

/* Begin PBXContainerItemProxy section */
		5E7659261A80A42100045851 /* PBXContainerItemProxy */ = {
			isa = PBXContainerItemProxy;
			containerPortal = 5E7659081A80A42100045851 /* Project object */;
			proxyType = 1;
			remoteGlobalIDString = 5E76590F1A80A42100045851;
			remoteInfo = Dropbox;
		};
/* End PBXContainerItemProxy section */

/* Begin PBXFileReference section */
		5E7659101A80A42100045851 /* Dropbox.app */ = {isa = PBXFileReference; explicitFileType = wrapper.application; includeInIndex = 0; path = Dropbox.app; sourceTree = BUILT_PRODUCTS_DIR; };
		5E7659141A80A42100045851 /* Info.plist */ = {isa = PBXFileReference; lastKnownFileType = text.plist.xml; path = Info.plist; sourceTree = "<group>"; };
		5E7659151A80A42100045851 /* AppDelegate.swift */ = {isa = PBXFileReference; lastKnownFileType = sourcecode.swift; path = AppDelegate.swift; sourceTree = "<group>"; };
		5E7659171A80A42100045851 /* ViewController.swift */ = {isa = PBXFileReference; lastKnownFileType = sourcecode.swift; path = ViewController.swift; sourceTree = "<group>"; };
		5E76591A1A80A42100045851 /* Base */ = {isa = PBXFileReference; lastKnownFileType = file.storyboard; name = Base; path = Base.lproj/Main.storyboard; sourceTree = "<group>"; };
		5E76591C1A80A42100045851 /* Images.xcassets */ = {isa = PBXFileReference; lastKnownFileType = folder.assetcatalog; path = Images.xcassets; sourceTree = "<group>"; };
		5E7659251A80A42100045851 /* DropboxTests.xctest */ = {isa = PBXFileReference; explicitFileType = wrapper.cfbundle; includeInIndex = 0; path = DropboxTests.xctest; sourceTree = BUILT_PRODUCTS_DIR; };
		5E76592A1A80A42100045851 /* Info.plist */ = {isa = PBXFileReference; lastKnownFileType = text.plist.xml; path = Info.plist; sourceTree = "<group>"; };
		5E76592B1A80A42100045851 /* DropboxTests.swift */ = {isa = PBXFileReference; lastKnownFileType = sourcecode.swift; path = DropboxTests.swift; sourceTree = "<group>"; };
		F73A7A081A81DB2F00905AE1 /* TroubleSigningInViewController.swift */ = {isa = PBXFileReference; fileEncoding = 4; lastKnownFileType = sourcecode.swift; path = TroubleSigningInViewController.swift; sourceTree = "<group>"; };
		F73A7A0A1A81E04000905AE1 /* SignedInPhotosViewController.swift */ = {isa = PBXFileReference; fileEncoding = 4; lastKnownFileType = sourcecode.swift; path = SignedInPhotosViewController.swift; sourceTree = "<group>"; };
		F73A7A0C1A81E13800905AE1 /* SignedInSettingsViewController.swift */ = {isa = PBXFileReference; fileEncoding = 4; lastKnownFileType = sourcecode.swift; path = SignedInSettingsViewController.swift; sourceTree = "<group>"; };
		F73A7A0E1A81E23C00905AE1 /* SignInViewController.swift */ = {isa = PBXFileReference; fileEncoding = 4; lastKnownFileType = sourcecode.swift; path = SignInViewController.swift; sourceTree = "<group>"; };
		F743A6AA1A81CE9F002C32F2 /* SettingsViewController.swift */ = {isa = PBXFileReference; fileEncoding = 4; lastKnownFileType = sourcecode.swift; path = SettingsViewController.swift; sourceTree = "<group>"; };
		F743A6AE1A81D06D002C32F2 /* SignInRootViewController.swift */ = {isa = PBXFileReference; fileEncoding = 4; lastKnownFileType = sourcecode.swift; path = SignInRootViewController.swift; sourceTree = "<group>"; };
		F74BC02E1A81B7E8005D0CCD /* createAccountRootViewController.swift */ = {isa = PBXFileReference; fileEncoding = 4; lastKnownFileType = sourcecode.swift; path = createAccountRootViewController.swift; sourceTree = "<group>"; };
		F74BC0301A81B8EF005D0CCD /* createAccountViewController.swift */ = {isa = PBXFileReference; fileEncoding = 4; lastKnownFileType = sourcecode.swift; path = createAccountViewController.swift; sourceTree = "<group>"; };
		F74BC0321A81C38D005D0CCD /* TermsViewController.swift */ = {isa = PBXFileReference; fileEncoding = 4; lastKnownFileType = sourcecode.swift; path = TermsViewController.swift; sourceTree = "<group>"; };
/* End PBXFileReference section */

/* Begin PBXFrameworksBuildPhase section */
		5E76590D1A80A42100045851 /* Frameworks */ = {
			isa = PBXFrameworksBuildPhase;
			buildActionMask = 2147483647;
			files = (
			);
			runOnlyForDeploymentPostprocessing = 0;
		};
		5E7659221A80A42100045851 /* Frameworks */ = {
			isa = PBXFrameworksBuildPhase;
			buildActionMask = 2147483647;
			files = (
			);
			runOnlyForDeploymentPostprocessing = 0;
		};
/* End PBXFrameworksBuildPhase section */

/* Begin PBXGroup section */
		5E7659071A80A42100045851 = {
			isa = PBXGroup;
			children = (
				F743A6AE1A81D06D002C32F2 /* SignInRootViewController.swift */,
				F743A6AA1A81CE9F002C32F2 /* SettingsViewController.swift */,
				5E7659121A80A42100045851 /* Dropbox */,
				5E7659281A80A42100045851 /* DropboxTests */,
				5E7659111A80A42100045851 /* Products */,
			);
			sourceTree = "<group>";
		};
		5E7659111A80A42100045851 /* Products */ = {
			isa = PBXGroup;
			children = (
				5E7659101A80A42100045851 /* Dropbox.app */,
				5E7659251A80A42100045851 /* DropboxTests.xctest */,
			);
			name = Products;
			sourceTree = "<group>";
		};
		5E7659121A80A42100045851 /* Dropbox */ = {
			isa = PBXGroup;
			children = (
				5E7659151A80A42100045851 /* AppDelegate.swift */,
				5E7659171A80A42100045851 /* ViewController.swift */,
				5E7659191A80A42100045851 /* Main.storyboard */,
				F73A7A0E1A81E23C00905AE1 /* SignInViewController.swift */,
				F73A7A0C1A81E13800905AE1 /* SignedInSettingsViewController.swift */,
				F73A7A0A1A81E04000905AE1 /* SignedInPhotosViewController.swift */,
				F73A7A081A81DB2F00905AE1 /* TroubleSigningInViewController.swift */,
				F74BC0321A81C38D005D0CCD /* TermsViewController.swift */,
				F74BC0301A81B8EF005D0CCD /* createAccountViewController.swift */,
				F74BC02E1A81B7E8005D0CCD /* createAccountRootViewController.swift */,
				5E76591C1A80A42100045851 /* Images.xcassets */,
				5E7659131A80A42100045851 /* Supporting Files */,
			);
			path = Dropbox;
			sourceTree = "<group>";
		};
		5E7659131A80A42100045851 /* Supporting Files */ = {
			isa = PBXGroup;
			children = (
				5E7659141A80A42100045851 /* Info.plist */,
			);
			name = "Supporting Files";
			sourceTree = "<group>";
		};
		5E7659281A80A42100045851 /* DropboxTests */ = {
			isa = PBXGroup;
			children = (
				5E76592B1A80A42100045851 /* DropboxTests.swift */,
				5E7659291A80A42100045851 /* Supporting Files */,
			);
			path = DropboxTests;
			sourceTree = "<group>";
		};
		5E7659291A80A42100045851 /* Supporting Files */ = {
			isa = PBXGroup;
			children = (
				5E76592A1A80A42100045851 /* Info.plist */,
			);
			name = "Supporting Files";
			sourceTree = "<group>";
		};
/* End PBXGroup section */

/* Begin PBXNativeTarget section */
		5E76590F1A80A42100045851 /* Dropbox */ = {
			isa = PBXNativeTarget;
			buildConfigurationList = 5E76592F1A80A42100045851 /* Build configuration list for PBXNativeTarget "Dropbox" */;
			buildPhases = (
				5E76590C1A80A42100045851 /* Sources */,
				5E76590D1A80A42100045851 /* Frameworks */,
				5E76590E1A80A42100045851 /* Resources */,
			);
			buildRules = (
			);
			dependencies = (
			);
			name = Dropbox;
			productName = Dropbox;
			productReference = 5E7659101A80A42100045851 /* Dropbox.app */;
			productType = "com.apple.product-type.application";
		};
		5E7659241A80A42100045851 /* DropboxTests */ = {
			isa = PBXNativeTarget;
			buildConfigurationList = 5E7659321A80A42100045851 /* Build configuration list for PBXNativeTarget "DropboxTests" */;
			buildPhases = (
				5E7659211A80A42100045851 /* Sources */,
				5E7659221A80A42100045851 /* Frameworks */,
				5E7659231A80A42100045851 /* Resources */,
			);
			buildRules = (
			);
			dependencies = (
				5E7659271A80A42100045851 /* PBXTargetDependency */,
			);
			name = DropboxTests;
			productName = DropboxTests;
			productReference = 5E7659251A80A42100045851 /* DropboxTests.xctest */;
			productType = "com.apple.product-type.bundle.unit-test";
		};
/* End PBXNativeTarget section */

/* Begin PBXProject section */
		5E7659081A80A42100045851 /* Project object */ = {
			isa = PBXProject;
			attributes = {
				LastUpgradeCheck = 0610;
				ORGANIZATIONNAME = "Code Path";
				TargetAttributes = {
					5E76590F1A80A42100045851 = {
						CreatedOnToolsVersion = 6.1.1;
					};
					5E7659241A80A42100045851 = {
						CreatedOnToolsVersion = 6.1.1;
						TestTargetID = 5E76590F1A80A42100045851;
					};
				};
			};
			buildConfigurationList = 5E76590B1A80A42100045851 /* Build configuration list for PBXProject "Dropbox" */;
			compatibilityVersion = "Xcode 3.2";
			developmentRegion = English;
			hasScannedForEncodings = 0;
			knownRegions = (
				en,
				Base,
			);
			mainGroup = 5E7659071A80A42100045851;
			productRefGroup = 5E7659111A80A42100045851 /* Products */;
			projectDirPath = "";
			projectRoot = "";
			targets = (
				5E76590F1A80A42100045851 /* Dropbox */,
				5E7659241A80A42100045851 /* DropboxTests */,
			);
		};
/* End PBXProject section */

/* Begin PBXResourcesBuildPhase section */
		5E76590E1A80A42100045851 /* Resources */ = {
			isa = PBXResourcesBuildPhase;
			buildActionMask = 2147483647;
			files = (
				5E76591B1A80A42100045851 /* Main.storyboard in Resources */,
				5E76591D1A80A42100045851 /* Images.xcassets in Resources */,
			);
			runOnlyForDeploymentPostprocessing = 0;
		};
		5E7659231A80A42100045851 /* Resources */ = {
			isa = PBXResourcesBuildPhase;
			buildActionMask = 2147483647;
			files = (
			);
			runOnlyForDeploymentPostprocessing = 0;
		};
/* End PBXResourcesBuildPhase section */

/* Begin PBXSourcesBuildPhase section */
		5E76590C1A80A42100045851 /* Sources */ = {
			isa = PBXSourcesBuildPhase;
			buildActionMask = 2147483647;
			files = (
				F73A7A0F1A81E23C00905AE1 /* SignInViewController.swift in Sources */,
				F73A7A0B1A81E04000905AE1 /* SignedInPhotosViewController.swift in Sources */,
				F74BC0311A81B8EF005D0CCD /* createAccountViewController.swift in Sources */,
				F73A7A091A81DB2F00905AE1 /* TroubleSigningInViewController.swift in Sources */,
				5E7659181A80A42100045851 /* ViewController.swift in Sources */,
				F743A6AF1A81D06D002C32F2 /* SignInRootViewController.swift in Sources */,
				5E7659161A80A42100045851 /* AppDelegate.swift in Sources */,
				F74BC02F1A81B7E8005D0CCD /* createAccountRootViewController.swift in Sources */,
				F74BC0331A81C38D005D0CCD /* TermsViewController.swift in Sources */,
				F73A7A0D1A81E13800905AE1 /* SignedInSettingsViewController.swift in Sources */,
				F743A6AB1A81CE9F002C32F2 /* SettingsViewController.swift in Sources */,
			);
			runOnlyForDeploymentPostprocessing = 0;
		};
		5E7659211A80A42100045851 /* Sources */ = {
			isa = PBXSourcesBuildPhase;
			buildActionMask = 2147483647;
			files = (
				5E76592C1A80A42100045851 /* DropboxTests.swift in Sources */,
			);
			runOnlyForDeploymentPostprocessing = 0;
		};
/* End PBXSourcesBuildPhase section */

/* Begin PBXTargetDependency section */
		5E7659271A80A42100045851 /* PBXTargetDependency */ = {
			isa = PBXTargetDependency;
			target = 5E76590F1A80A42100045851 /* Dropbox */;
			targetProxy = 5E7659261A80A42100045851 /* PBXContainerItemProxy */;
		};
/* End PBXTargetDependency section */

/* Begin PBXVariantGroup section */
		5E7659191A80A42100045851 /* Main.storyboard */ = {
			isa = PBXVariantGroup;
			children = (
				5E76591A1A80A42100045851 /* Base */,
			);
			name = Main.storyboard;
			sourceTree = "<group>";
		};
/* End PBXVariantGroup section */

/* Begin XCBuildConfiguration section */
		5E76592D1A80A42100045851 /* Debug */ = {
			isa = XCBuildConfiguration;
			buildSettings = {
				ALWAYS_SEARCH_USER_PATHS = NO;
				CLANG_CXX_LANGUAGE_STANDARD = "gnu++0x";
				CLANG_CXX_LIBRARY = "libc++";
				CLANG_ENABLE_MODULES = YES;
				CLANG_ENABLE_OBJC_ARC = YES;
				CLANG_WARN_BOOL_CONVERSION = YES;
				CLANG_WARN_CONSTANT_CONVERSION = YES;
				CLANG_WARN_DIRECT_OBJC_ISA_USAGE = YES_ERROR;
				CLANG_WARN_EMPTY_BODY = YES;
				CLANG_WARN_ENUM_CONVERSION = YES;
				CLANG_WARN_INT_CONVERSION = YES;
				CLANG_WARN_OBJC_ROOT_CLASS = YES_ERROR;
				CLANG_WARN_UNREACHABLE_CODE = YES;
				CLANG_WARN__DUPLICATE_METHOD_MATCH = YES;
				"CODE_SIGN_IDENTITY[sdk=iphoneos*]" = "iPhone Developer";
				COPY_PHASE_STRIP = NO;
				ENABLE_STRICT_OBJC_MSGSEND = YES;
				GCC_C_LANGUAGE_STANDARD = gnu99;
				GCC_DYNAMIC_NO_PIC = NO;
				GCC_OPTIMIZATION_LEVEL = 0;
				GCC_PREPROCESSOR_DEFINITIONS = (
					"DEBUG=1",
					"$(inherited)",
				);
				GCC_SYMBOLS_PRIVATE_EXTERN = NO;
				GCC_WARN_64_TO_32_BIT_CONVERSION = YES;
				GCC_WARN_ABOUT_RETURN_TYPE = YES_ERROR;
				GCC_WARN_UNDECLARED_SELECTOR = YES;
				GCC_WARN_UNINITIALIZED_AUTOS = YES_AGGRESSIVE;
				GCC_WARN_UNUSED_FUNCTION = YES;
				GCC_WARN_UNUSED_VARIABLE = YES;
				IPHONEOS_DEPLOYMENT_TARGET = 8.1;
				MTL_ENABLE_DEBUG_INFO = YES;
				ONLY_ACTIVE_ARCH = YES;
				SDKROOT = iphoneos;
				SWIFT_OPTIMIZATION_LEVEL = "-Onone";
			};
			name = Debug;
		};
		5E76592E1A80A42100045851 /* Release */ = {
			isa = XCBuildConfiguration;
			buildSettings = {
				ALWAYS_SEARCH_USER_PATHS = NO;
				CLANG_CXX_LANGUAGE_STANDARD = "gnu++0x";
				CLANG_CXX_LIBRARY = "libc++";
				CLANG_ENABLE_MODULES = YES;
				CLANG_ENABLE_OBJC_ARC = YES;
				CLANG_WARN_BOOL_CONVERSION = YES;
				CLANG_WARN_CONSTANT_CONVERSION = YES;
				CLANG_WARN_DIRECT_OBJC_ISA_USAGE = YES_ERROR;
				CLANG_WARN_EMPTY_BODY = YES;
				CLANG_WARN_ENUM_CONVERSION = YES;
				CLANG_WARN_INT_CONVERSION = YES;
				CLANG_WARN_OBJC_ROOT_CLASS = YES_ERROR;
				CLANG_WARN_UNREACHABLE_CODE = YES;
				CLANG_WARN__DUPLICATE_METHOD_MATCH = YES;
				"CODE_SIGN_IDENTITY[sdk=iphoneos*]" = "iPhone Developer";
				COPY_PHASE_STRIP = YES;
				ENABLE_NS_ASSERTIONS = NO;
				ENABLE_STRICT_OBJC_MSGSEND = YES;
				GCC_C_LANGUAGE_STANDARD = gnu99;
				GCC_WARN_64_TO_32_BIT_CONVERSION = YES;
				GCC_WARN_ABOUT_RETURN_TYPE = YES_ERROR;
				GCC_WARN_UNDECLARED_SELECTOR = YES;
				GCC_WARN_UNINITIALIZED_AUTOS = YES_AGGRESSIVE;
				GCC_WARN_UNUSED_FUNCTION = YES;
				GCC_WARN_UNUSED_VARIABLE = YES;
				IPHONEOS_DEPLOYMENT_TARGET = 8.1;
				MTL_ENABLE_DEBUG_INFO = NO;
				SDKROOT = iphoneos;
				VALIDATE_PRODUCT = YES;
			};
			name = Release;
		};
		5E7659301A80A42100045851 /* Debug */ = {
			isa = XCBuildConfiguration;
			buildSettings = {
				ASSETCATALOG_COMPILER_APPICON_NAME = AppIcon;
				ASSETCATALOG_COMPILER_LAUNCHIMAGE_NAME = LaunchImage;
				INFOPLIST_FILE = Dropbox/Info.plist;
				LD_RUNPATH_SEARCH_PATHS = "$(inherited) @executable_path/Frameworks";
				PRODUCT_NAME = "$(TARGET_NAME)";
			};
			name = Debug;
		};
		5E7659311A80A42100045851 /* Release */ = {
			isa = XCBuildConfiguration;
			buildSettings = {
				ASSETCATALOG_COMPILER_APPICON_NAME = AppIcon;
				ASSETCATALOG_COMPILER_LAUNCHIMAGE_NAME = LaunchImage;
				INFOPLIST_FILE = Dropbox/Info.plist;
				LD_RUNPATH_SEARCH_PATHS = "$(inherited) @executable_path/Frameworks";
				PRODUCT_NAME = "$(TARGET_NAME)";
			};
			name = Release;
		};
		5E7659331A80A42100045851 /* Debug */ = {
			isa = XCBuildConfiguration;
			buildSettings = {
				BUNDLE_LOADER = "$(TEST_HOST)";
				FRAMEWORK_SEARCH_PATHS = (
					"$(SDKROOT)/Developer/Library/Frameworks",
					"$(inherited)",
				);
				GCC_PREPROCESSOR_DEFINITIONS = (
					"DEBUG=1",
					"$(inherited)",
				);
				INFOPLIST_FILE = DropboxTests/Info.plist;
				LD_RUNPATH_SEARCH_PATHS = "$(inherited) @executable_path/Frameworks @loader_path/Frameworks";
				PRODUCT_NAME = "$(TARGET_NAME)";
				TEST_HOST = "$(BUILT_PRODUCTS_DIR)/Dropbox.app/Dropbox";
			};
			name = Debug;
		};
		5E7659341A80A42100045851 /* Release */ = {
			isa = XCBuildConfiguration;
			buildSettings = {
				BUNDLE_LOADER = "$(TEST_HOST)";
				FRAMEWORK_SEARCH_PATHS = (
					"$(SDKROOT)/Developer/Library/Frameworks",
					"$(inherited)",
				);
				INFOPLIST_FILE = DropboxTests/Info.plist;
				LD_RUNPATH_SEARCH_PATHS = "$(inherited) @executable_path/Frameworks @loader_path/Frameworks";
				PRODUCT_NAME = "$(TARGET_NAME)";
				TEST_HOST = "$(BUILT_PRODUCTS_DIR)/Dropbox.app/Dropbox";
			};
			name = Release;
		};
/* End XCBuildConfiguration section */

/* Begin XCConfigurationList section */
		5E76590B1A80A42100045851 /* Build configuration list for PBXProject "Dropbox" */ = {
			isa = XCConfigurationList;
			buildConfigurations = (
				5E76592D1A80A42100045851 /* Debug */,
				5E76592E1A80A42100045851 /* Release */,
			);
			defaultConfigurationIsVisible = 0;
			defaultConfigurationName = Release;
		};
		5E76592F1A80A42100045851 /* Build configuration list for PBXNativeTarget "Dropbox" */ = {
			isa = XCConfigurationList;
			buildConfigurations = (
				5E7659301A80A42100045851 /* Debug */,
				5E7659311A80A42100045851 /* Release */,
			);
			defaultConfigurationIsVisible = 0;
			defaultConfigurationName = Release;
		};
		5E7659321A80A42100045851 /* Build configuration list for PBXNativeTarget "DropboxTests" */ = {
			isa = XCConfigurationList;
			buildConfigurations = (
				5E7659331A80A42100045851 /* Debug */,
				5E7659341A80A42100045851 /* Release */,
			);
			defaultConfigurationIsVisible = 0;
			defaultConfigurationName = Release;
		};
/* End XCConfigurationList section */
	};
	rootObject = 5E7659081A80A42100045851 /* Project object */;
}
